PODS:
  - Alamofire (5.4.1)
  - Differentiator (5.0.0)
  - PKHUD (5.3.0)
  - RxAlamofire (6.1.1):
    - RxAlamofire/Core (= 6.1.1)
  - RxAlamofire/Core (6.1.1):
    - Alamofire (~> 5.4)
    - RxSwift (~> 6.0)
  - RxCocoa (6.1.0):
    - RxRelay (= 6.1.0)
    - RxSwift (= 6.1.0)
  - RxDataSources (5.0.0):
    - Differentiator (~> 5.0)
    - RxCocoa (~> 6.0)
    - RxSwift (~> 6.0)
  - RxOpenWeatherMap (0.0.10):
    - RxAlamofire (~> 6.1.1)
    - RxCocoa (~> 6.1.0)
    - RxSwift (~> 6.1.0)
  - RxRelay (6.1.0):
    - RxSwift (= 6.1.0)
  - RxSwift (6.1.0)
  - SDWebImage (5.10.4):
    - SDWebImage/Core (= 5.10.4)
  - SDWebImage/Core (5.10.4)

DEPENDENCIES:
  - PKHUD
  - RxAlamofire
  - RxDataSources
  - RxOpenWeatherMap (~> 0.0.10)
  - RxSwift
  - SDWebImage

SPEC REPOS:
  trunk:
    - Alamofire
    - Differentiator
    - PKHUD
    - RxAlamofire
    - RxCocoa
    - RxDataSources
    - RxOpenWeatherMap
    - RxRelay
    - RxSwift
    - SDWebImage

SPEC CHECKSUMS:
  Alamofire: 2291f7d21ca607c491dd17642e5d40fdcda0e65c
  Differentiator: e8497ceab83c1b10ca233716d547b9af21b9344d
  PKHUD: 98f3e4bc904b9c916f1c5bb6d765365b5357291b
  RxAlamofire: beb75a1c452d0de225651db4903f5d29d034a620
  RxCocoa: 5c51f02d562cbd94629f6c26cf0c80fe4ab8d343
  RxDataSources: aa47cc1ed6c500fa0dfecac5c979b723542d79cf
  RxOpenWeatherMap: f93223cde7a01ee3aba7456519541d2027e4e4f2
  RxRelay: 483e1a19fad961b41f0b0c0bee506f46c1ae14fe
  RxSwift: a834e5c538e89eca0cae86f403f4fbf0336786ce
  SDWebImage: c666b97e1fa9c64b4909816a903322018f0a9c84

PODFILE CHECKSUM: b07178cbe6b4af9f47e2821defad50cc6775df99

COCOAPODS: 1.10.1
